
Microsoft Visual Studio Solution File, Format Version 12.00
# Visual Studio Version 17
VisualStudioVersion = 17.13.35806.99 d17.13
MinimumVisualStudioVersion = 10.0.40219.1
Project("{FAE04EC0-301F-11D3-BF4B-00C04F79EFBC}") = "TheCard", "TheCard.csproj", "{535AA1B9-A3AD-4DEB-B963-506940657EAA}"
EndProject
Global
	GlobalSection(SolutionConfigurationPlatforms) = preSolution
		Debug|Any CPU = Debug|Any CPU
		Release|Any CPU = Release|Any CPU
	EndGlobalSection
	GlobalSection(ProjectConfigurationPlatforms) = postSolution
		{535AA1B9-A3AD-4DEB-B963-506940657EAA}.Debug|Any CPU.ActiveCfg = Debug|Any CPU
		{535AA1B9-A3AD-4DEB-B963-506940657EAA}.Debug|Any CPU.Build.0 = Debug|Any CPU
		{535AA1B9-A3AD-4DEB-B963-506940657EAA}.Release|Any CPU.ActiveCfg = Release|Any CPU
		{535AA1B9-A3AD-4DEB-B963-506940657EAA}.Release|Any CPU.Build.0 = Release|Any CPU
	EndGlobalSection
	GlobalSection(SolutionProperties) = preSolution
		HideSolutionNode = FALSE
	EndGlobalSection
	GlobalSection(ExtensibilityGlobals) = postSolution
		SolutionGuid = {14E4457A-815C-4F1F-A574-331C60CDA03F}
	EndGlobalSection
EndGlobal
