
Microsoft Visual Studio Solution File, Format Version 12.00
# Visual Studio Version 17
VisualStudioVersion = 17.13.35806.99 d17.13
MinimumVisualStudioVersion = 10.0.40219.1
Project("{FAE04EC0-301F-11D3-BF4B-00C04F79EFBC}") = "WinForms-CSVtoYaml", "WinForms-CSVtoYaml\WinForms-CSVtoYaml.csproj", "{44799174-D10E-43B4-B7EC-E08901C9A040}"
EndProject
Global
	GlobalSection(SolutionConfigurationPlatforms) = preSolution
		Debug|Any CPU = Debug|Any CPU
		Release|Any CPU = Release|Any CPU
	EndGlobalSection
	GlobalSection(ProjectConfigurationPlatforms) = postSolution
		{44799174-D10E-43B4-B7EC-E08901C9A040}.Debug|Any CPU.ActiveCfg = Debug|Any CPU
		{44799174-D10E-43B4-B7EC-E08901C9A040}.Debug|Any CPU.Build.0 = Debug|Any CPU
		{44799174-D10E-43B4-B7EC-E08901C9A040}.Release|Any CPU.ActiveCfg = Release|Any CPU
		{44799174-D10E-43B4-B7EC-E08901C9A040}.Release|Any CPU.Build.0 = Release|Any CPU
	EndGlobalSection
	GlobalSection(SolutionProperties) = preSolution
		HideSolutionNode = FALSE
	EndGlobalSection
	GlobalSection(ExtensibilityGlobals) = postSolution
		SolutionGuid = {D78ED2FF-1B5C-48C7-A41C-2CD5B3AD80F3}
	EndGlobalSection
EndGlobal
