
Microsoft Visual Studio Solution File, Format Version 12.00
# Visual Studio Version 17
VisualStudioVersion = 17.13.35806.99 d17.13
MinimumVisualStudioVersion = 10.0.40219.1
Project("{FAE04EC0-301F-11D3-BF4B-00C04F79EFBC}") = "TheColor", "TheColor.csproj", "{6E88DD2C-B725-427B-B479-46E09F9F165F}"
EndProject
Global
	GlobalSection(SolutionConfigurationPlatforms) = preSolution
		Debug|Any CPU = Debug|Any CPU
		Release|Any CPU = Release|Any CPU
	EndGlobalSection
	GlobalSection(ProjectConfigurationPlatforms) = postSolution
		{6E88DD2C-B725-427B-B479-46E09F9F165F}.Debug|Any CPU.ActiveCfg = Debug|Any CPU
		{6E88DD2C-B725-427B-B479-46E09F9F165F}.Debug|Any CPU.Build.0 = Debug|Any CPU
		{6E88DD2C-B725-427B-B479-46E09F9F165F}.Release|Any CPU.ActiveCfg = Release|Any CPU
		{6E88DD2C-B725-427B-B479-46E09F9F165F}.Release|Any CPU.Build.0 = Release|Any CPU
	EndGlobalSection
	GlobalSection(SolutionProperties) = preSolution
		HideSolutionNode = FALSE
	EndGlobalSection
	GlobalSection(ExtensibilityGlobals) = postSolution
		SolutionGuid = {F27A6F73-F6FF-4E19-868F-C4A17D13689F}
	EndGlobalSection
EndGlobal
